
Microsoft Visual Studio Solution File, Format Version 12.00
# Visual Studio Version 16
VisualStudioVersion = 16.0.31729.503
MinimumVisualStudioVersion = 10.0.40219.1
Project("{888888A0-9F3D-457C-B088-3A5042F75D52}") = "CameraMoveDetection", "CameraMoveDetection\CameraMoveDetection.pyproj", "{82FC2E20-980E-4250-8F10-16F495171B6B}"
EndProject
Global
	GlobalSection(SolutionConfigurationPlatforms) = preSolution
		Debug|Any CPU = Debug|Any CPU
		Release|Any CPU = Release|Any CPU
	EndGlobalSection
	GlobalSection(ProjectConfigurationPlatforms) = postSolution
		{82FC2E20-980E-4250-8F10-16F495171B6B}.Debug|Any CPU.ActiveCfg = Debug|Any CPU
		{82FC2E20-980E-4250-8F10-16F495171B6B}.Release|Any CPU.ActiveCfg = Release|Any CPU
	EndGlobalSection
	GlobalSection(SolutionProperties) = preSolution
		HideSolutionNode = FALSE
	EndGlobalSection
	GlobalSection(ExtensibilityGlobals) = postSolution
		SolutionGuid = {C75BDF7B-90F3-4513-B51C-A5BFF3EFF014}
	EndGlobalSection
EndGlobal
